
Microsoft Visual Studio Solution File, Format Version 12.00
# Visual Studio Version 17
VisualStudioVersion = 17.0.31717.71
MinimumVisualStudioVersion = 10.0.40219.1
Project("{9A19103F-16F7-4668-BE54-9A1E7A4F7556}") = "ClassLibraryTicketSystem", "ClassLibraryTicketSystem\ClassLibraryTicketSystem.csproj", "{E03253D9-5B87-43D4-A478-8ED05ED2C266}"
EndProject
Project("{9A19103F-16F7-4668-BE54-9A1E7A4F7556}") = "ClassLibraryTicketSystemTests", "ClassLibraryTicketSystemTests\ClassLibraryTicketSystemTests.csproj", "{9CB660B1-3B55-4B6C-99D6-2E37F6981A48}"
EndProject
Project("{FAE04EC0-301F-11D3-BF4B-00C04F79EFBC}") = "StoreBaeltTicketLibrary", "StoreBaeltTicketLibrary\StoreBaeltTicketLibrary.csproj", "{197EB344-B3E3-44FA-8EA4-224028689C61}"
EndProject
Project("{FAE04EC0-301F-11D3-BF4B-00C04F79EFBC}") = "StoreBaeltTicketLibraryTests", "StoreBaeltTicketLibraryTests\StoreBaeltTicketLibraryTests.csproj", "{8582BD19-8AEE-4740-B04E-78B14593DD8B}"
EndProject
Project("{FAE04EC0-301F-11D3-BF4B-00C04F79EFBC}") = "OresundBronLibrary", "OresundBronLibrary\OresundBronLibrary.csproj", "{DEC17E2A-D6F1-4136-9B39-B26AE5AD8C8B}"
EndProject
Global
	GlobalSection(SolutionConfigurationPlatforms) = preSolution
		Debug|Any CPU = Debug|Any CPU
		Release|Any CPU = Release|Any CPU
	EndGlobalSection
	GlobalSection(ProjectConfigurationPlatforms) = postSolution
		{E03253D9-5B87-43D4-A478-8ED05ED2C266}.Debug|Any CPU.ActiveCfg = Debug|Any CPU
		{E03253D9-5B87-43D4-A478-8ED05ED2C266}.Debug|Any CPU.Build.0 = Debug|Any CPU
		{E03253D9-5B87-43D4-A478-8ED05ED2C266}.Release|Any CPU.ActiveCfg = Release|Any CPU
		{E03253D9-5B87-43D4-A478-8ED05ED2C266}.Release|Any CPU.Build.0 = Release|Any CPU
		{9CB660B1-3B55-4B6C-99D6-2E37F6981A48}.Debug|Any CPU.ActiveCfg = Debug|Any CPU
		{9CB660B1-3B55-4B6C-99D6-2E37F6981A48}.Debug|Any CPU.Build.0 = Debug|Any CPU
		{9CB660B1-3B55-4B6C-99D6-2E37F6981A48}.Release|Any CPU.ActiveCfg = Release|Any CPU
		{9CB660B1-3B55-4B6C-99D6-2E37F6981A48}.Release|Any CPU.Build.0 = Release|Any CPU
		{197EB344-B3E3-44FA-8EA4-224028689C61}.Debug|Any CPU.ActiveCfg = Debug|Any CPU
		{197EB344-B3E3-44FA-8EA4-224028689C61}.Debug|Any CPU.Build.0 = Debug|Any CPU
		{197EB344-B3E3-44FA-8EA4-224028689C61}.Release|Any CPU.ActiveCfg = Release|Any CPU
		{197EB344-B3E3-44FA-8EA4-224028689C61}.Release|Any CPU.Build.0 = Release|Any CPU
		{8582BD19-8AEE-4740-B04E-78B14593DD8B}.Debug|Any CPU.ActiveCfg = Debug|Any CPU
		{8582BD19-8AEE-4740-B04E-78B14593DD8B}.Debug|Any CPU.Build.0 = Debug|Any CPU
		{8582BD19-8AEE-4740-B04E-78B14593DD8B}.Release|Any CPU.ActiveCfg = Release|Any CPU
		{8582BD19-8AEE-4740-B04E-78B14593DD8B}.Release|Any CPU.Build.0 = Release|Any CPU
		{DEC17E2A-D6F1-4136-9B39-B26AE5AD8C8B}.Debug|Any CPU.ActiveCfg = Debug|Any CPU
		{DEC17E2A-D6F1-4136-9B39-B26AE5AD8C8B}.Debug|Any CPU.Build.0 = Debug|Any CPU
		{DEC17E2A-D6F1-4136-9B39-B26AE5AD8C8B}.Release|Any CPU.ActiveCfg = Release|Any CPU
		{DEC17E2A-D6F1-4136-9B39-B26AE5AD8C8B}.Release|Any CPU.Build.0 = Release|Any CPU
	EndGlobalSection
	GlobalSection(SolutionProperties) = preSolution
		HideSolutionNode = FALSE
	EndGlobalSection
	GlobalSection(ExtensibilityGlobals) = postSolution
		SolutionGuid = {2EE0A1AF-F9C6-4136-A0BA-37870B3F0268}
	EndGlobalSection
EndGlobal
